// !$*UTF8*$!
{
	archiveVersion = 1;
	classes = {
	};
	objectVersion = 50;
	objects = {

/* Begin PBXBuildFile section */
		FED6FC3E27B6E8910093A355 /* AppDelegate.swift in Sources */ = {isa = PBXBuildFile; fileRef = FED6FC3D27B6E8910093A355 /* AppDelegate.swift */; };
		FED6FC4027B6E8910093A355 /* SceneDelegate.swift in Sources */ = {isa = PBXBuildFile; fileRef = FED6FC3F27B6E8910093A355 /* SceneDelegate.swift */; };
		FED6FC4227B6E8910093A355 /* ViewController.swift in Sources */ = {isa = PBXBuildFile; fileRef = FED6FC4127B6E8910093A355 /* ViewController.swift */; };
		FED6FC4527B6E8910093A355 /* Main.storyboard in Resources */ = {isa = PBXBuildFile; fileRef = FED6FC4327B6E8910093A355 /* Main.storyboard */; };
		FED6FC4827B6E8910093A355 /* iosCalc.xcdatamodeld in Sources */ = {isa = PBXBuildFile; fileRef = FED6FC4627B6E8910093A355 /* iosCalc.xcdatamodeld */; };
		FED6FC4A27B6E8930093A355 /* Assets.xcassets in Resources */ = {isa = PBXBuildFile; fileRef = FED6FC4927B6E8930093A355 /* Assets.xcassets */; };
		FED6FC4D27B6E8930093A355 /* LaunchScreen.storyboard in Resources */ = {isa = PBXBuildFile; fileRef = FED6FC4B27B6E8930093A355 /* LaunchScreen.storyboard */; };
		FED6FC5827B6E8940093A355 /* iosCalcTests.swift in Sources */ = {isa = PBXBuildFile; fileRef = FED6FC5727B6E8940093A355 /* iosCalcTests.swift */; };
		FED6FC6327B6E8940093A355 /* iosCalcUITests.swift in Sources */ = {isa = PBXBuildFile; fileRef = FED6FC6227B6E8940093A355 /* iosCalcUITests.swift */; };
/* End PBXBuildFile section */

/* Begin PBXContainerItemProxy section */
		FED6FC5427B6E8940093A355 /* PBXContainerItemProxy */ = {
			isa = PBXContainerItemProxy;
			containerPortal = FED6FC3227B6E8910093A355 /* Project object */;
			proxyType = 1;
			remoteGlobalIDString = FED6FC3927B6E8910093A355;
			remoteInfo = iosCalc;
		};
		FED6FC5F27B6E8940093A355 /* PBXContainerItemProxy */ = {
			isa = PBXContainerItemProxy;
			containerPortal = FED6FC3227B6E8910093A355 /* Project object */;
			proxyType = 1;
			remoteGlobalIDString = FED6FC3927B6E8910093A355;
			remoteInfo = iosCalc;
		};
/* End PBXContainerItemProxy section */

/* Begin PBXFileReference section */
		FED6FC3A27B6E8910093A355 /* iosCalc.app */ = {isa = PBXFileReference; explicitFileType = wrapper.application; includeInIndex = 0; path = iosCalc.app; sourceTree = BUILT_PRODUCTS_DIR; };
		FED6FC3D27B6E8910093A355 /* AppDelegate.swift */ = {isa = PBXFileReference; lastKnownFileType = sourcecode.swift; path = AppDelegate.swift; sourceTree = "<group>"; };
		FED6FC3F27B6E8910093A355 /* SceneDelegate.swift */ = {isa = PBXFileReference; lastKnownFileType = sourcecode.swift; path = SceneDelegate.swift; sourceTree = "<group>"; };
		FED6FC4127B6E8910093A355 /* ViewController.swift */ = {isa = PBXFileReference; lastKnownFileType = sourcecode.swift; path = ViewController.swift; sourceTree = "<group>"; };
		FED6FC4427B6E8910093A355 /* Base */ = {isa = PBXFileReference; lastKnownFileType = file.storyboard; name = Base; path = Base.lproj/Main.storyboard; sourceTree = "<group>"; };
		FED6FC4727B6E8910093A355 /* iosCalc.xcdatamodel */ = {isa = PBXFileReference; lastKnownFileType = wrapper.xcdatamodel; path = iosCalc.xcdatamodel; sourceTree = "<group>"; };
		FED6FC4927B6E8930093A355 /* Assets.xcassets */ = {isa = PBXFileReference; lastKnownFileType = folder.assetcatalog; path = Assets.xcassets; sourceTree = "<group>"; };
		FED6FC4C27B6E8930093A355 /* Base */ = {isa = PBXFileReference; lastKnownFileType = file.storyboard; name = Base; path = Base.lproj/LaunchScreen.storyboard; sourceTree = "<group>"; };
		FED6FC4E27B6E8930093A355 /* Info.plist */ = {isa = PBXFileReference; lastKnownFileType = text.plist.xml; path = Info.plist; sourceTree = "<group>"; };
		FED6FC5327B6E8930093A355 /* iosCalcTests.xctest */ = {isa = PBXFileReference; explicitFileType = wrapper.cfbundle; includeInIndex = 0; path = iosCalcTests.xctest; sourceTree = BUILT_PRODUCTS_DIR; };
		FED6FC5727B6E8940093A355 /* iosCalcTests.swift */ = {isa = PBXFileReference; lastKnownFileType = sourcecode.swift; path = iosCalcTests.swift; sourceTree = "<group>"; };
		FED6FC5927B6E8940093A355 /* Info.plist */ = {isa = PBXFileReference; lastKnownFileType = text.plist.xml; path = Info.plist; sourceTree = "<group>"; };
		FED6FC5E27B6E8940093A355 /* iosCalcUITests.xctest */ = {isa = PBXFileReference; explicitFileType = wrapper.cfbundle; includeInIndex = 0; path = iosCalcUITests.xctest; sourceTree = BUILT_PRODUCTS_DIR; };
		FED6FC6227B6E8940093A355 /* iosCalcUITests.swift */ = {isa = PBXFileReference; lastKnownFileType = sourcecode.swift; path = iosCalcUITests.swift; sourceTree = "<group>"; };
		FED6FC6427B6E8940093A355 /* Info.plist */ = {isa = PBXFileReference; lastKnownFileType = text.plist.xml; path = Info.plist; sourceTree = "<group>"; };
/* End PBXFileReference section */

/* Begin PBXFrameworksBuildPhase section */
		FED6FC3727B6E8910093A355 /* Frameworks */ = {
			isa = PBXFrameworksBuildPhase;
			buildActionMask = 2147483647;
			files = (
			);
			runOnlyForDeploymentPostprocessing = 0;
		};
		FED6FC5027B6E8930093A355 /* Frameworks */ = {
			isa = PBXFrameworksBuildPhase;
			buildActionMask = 2147483647;
			files = (
			);
			runOnlyForDeploymentPostprocessing = 0;
		};
		FED6FC5B27B6E8940093A355 /* Frameworks */ = {
			isa = PBXFrameworksBuildPhase;
			buildActionMask = 2147483647;
			files = (
			);
			runOnlyForDeploymentPostprocessing = 0;
		};
/* End PBXFrameworksBuildPhase section */

/* Begin PBXGroup section */
		FED6FC3127B6E8910093A355 = {
			isa = PBXGroup;
			children = (
				FED6FC3C27B6E8910093A355 /* iosCalc */,
				FED6FC5627B6E8940093A355 /* iosCalcTests */,
				FED6FC6127B6E8940093A355 /* iosCalcUITests */,
				FED6FC3B27B6E8910093A355 /* Products */,
			);
			sourceTree = "<group>";
		};
		FED6FC3B27B6E8910093A355 /* Products */ = {
			isa = PBXGroup;
			children = (
				FED6FC3A27B6E8910093A355 /* iosCalc.app */,
				FED6FC5327B6E8930093A355 /* iosCalcTests.xctest */,
				FED6FC5E27B6E8940093A355 /* iosCalcUITests.xctest */,
			);
			name = Products;
			sourceTree = "<group>";
		};
		FED6FC3C27B6E8910093A355 /* iosCalc */ = {
			isa = PBXGroup;
			children = (
				FED6FC3D27B6E8910093A355 /* AppDelegate.swift */,
				FED6FC3F27B6E8910093A355 /* SceneDelegate.swift */,
				FED6FC4127B6E8910093A355 /* ViewController.swift */,
				FED6FC4327B6E8910093A355 /* Main.storyboard */,
				FED6FC4927B6E8930093A355 /* Assets.xcassets */,
				FED6FC4B27B6E8930093A355 /* LaunchScreen.storyboard */,
				FED6FC4E27B6E8930093A355 /* Info.plist */,
				FED6FC4627B6E8910093A355 /* iosCalc.xcdatamodeld */,
			);
			path = iosCalc;
			sourceTree = "<group>";
		};
		FED6FC5627B6E8940093A355 /* iosCalcTests */ = {
			isa = PBXGroup;
			children = (
				FED6FC5727B6E8940093A355 /* iosCalcTests.swift */,
				FED6FC5927B6E8940093A355 /* Info.plist */,
			);
			path = iosCalcTests;
			sourceTree = "<group>";
		};
		FED6FC6127B6E8940093A355 /* iosCalcUITests */ = {
			isa = PBXGroup;
			children = (
				FED6FC6227B6E8940093A355 /* iosCalcUITests.swift */,
				FED6FC6427B6E8940093A355 /* Info.plist */,
			);
			path = iosCalcUITests;
			sourceTree = "<group>";
		};
/* End PBXGroup section */

/* Begin PBXNativeTarget section */
		FED6FC3927B6E8910093A355 /* iosCalc */ = {
			isa = PBXNativeTarget;
			buildConfigurationList = FED6FC6727B6E8940093A355 /* Build configuration list for PBXNativeTarget "iosCalc" */;
			buildPhases = (
				FED6FC3627B6E8910093A355 /* Sources */,
				FED6FC3727B6E8910093A355 /* Frameworks */,
				FED6FC3827B6E8910093A355 /* Resources */,
			);
			buildRules = (
			);
			dependencies = (
			);
			name = iosCalc;
			productName = iosCalc;
			productReference = FED6FC3A27B6E8910093A355 /* iosCalc.app */;
			productType = "com.apple.product-type.application";
		};
		FED6FC5227B6E8930093A355 /* iosCalcTests */ = {
			isa = PBXNativeTarget;
			buildConfigurationList = FED6FC6A27B6E8940093A355 /* Build configuration list for PBXNativeTarget "iosCalcTests" */;
			buildPhases = (
				FED6FC4F27B6E8930093A355 /* Sources */,
				FED6FC5027B6E8930093A355 /* Frameworks */,
				FED6FC5127B6E8930093A355 /* Resources */,
			);
			buildRules = (
			);
			dependencies = (
				FED6FC5527B6E8940093A355 /* PBXTargetDependency */,
			);
			name = iosCalcTests;
			productName = iosCalcTests;
			productReference = FED6FC5327B6E8930093A355 /* iosCalcTests.xctest */;
			productType = "com.apple.product-type.bundle.unit-test";
		};
		FED6FC5D27B6E8940093A355 /* iosCalcUITests */ = {
			isa = PBXNativeTarget;
			buildConfigurationList = FED6FC6D27B6E8940093A355 /* Build configuration list for PBXNativeTarget "iosCalcUITests" */;
			buildPhases = (
				FED6FC5A27B6E8940093A355 /* Sources */,
				FED6FC5B27B6E8940093A355 /* Frameworks */,
				FED6FC5C27B6E8940093A355 /* Resources */,
			);
			buildRules = (
			);
			dependencies = (
				FED6FC6027B6E8940093A355 /* PBXTargetDependency */,
			);
			name = iosCalcUITests;
			productName = iosCalcUITests;
			productReference = FED6FC5E27B6E8940093A355 /* iosCalcUITests.xctest */;
			productType = "com.apple.product-type.bundle.ui-testing";
		};
/* End PBXNativeTarget section */

/* Begin PBXProject section */
		FED6FC3227B6E8910093A355 /* Project object */ = {
			isa = PBXProject;
			attributes = {
				LastSwiftUpdateCheck = 1240;
				LastUpgradeCheck = 1240;
				TargetAttributes = {
					FED6FC3927B6E8910093A355 = {
						CreatedOnToolsVersion = 12.4;
					};
					FED6FC5227B6E8930093A355 = {
						CreatedOnToolsVersion = 12.4;
						TestTargetID = FED6FC3927B6E8910093A355;
					};
					FED6FC5D27B6E8940093A355 = {
						CreatedOnToolsVersion = 12.4;
						TestTargetID = FED6FC3927B6E8910093A355;
					};
				};
			};
			buildConfigurationList = FED6FC3527B6E8910093A355 /* Build configuration list for PBXProject "iosCalc" */;
			compatibilityVersion = "Xcode 9.3";
			developmentRegion = en;
			hasScannedForEncodings = 0;
			knownRegions = (
				en,
				Base,
			);
			mainGroup = FED6FC3127B6E8910093A355;
			productRefGroup = FED6FC3B27B6E8910093A355 /* Products */;
			projectDirPath = "";
			projectRoot = "";
			targets = (
				FED6FC3927B6E8910093A355 /* iosCalc */,
				FED6FC5227B6E8930093A355 /* iosCalcTests */,
				FED6FC5D27B6E8940093A355 /* iosCalcUITests */,
			);
		};
/* End PBXProject section */

/* Begin PBXResourcesBuildPhase section */
		FED6FC3827B6E8910093A355 /* Resources */ = {
			isa = PBXResourcesBuildPhase;
			buildActionMask = 2147483647;
			files = (
				FED6FC4D27B6E8930093A355 /* LaunchScreen.storyboard in Resources */,
				FED6FC4A27B6E8930093A355 /* Assets.xcassets in Resources */,
				FED6FC4527B6E8910093A355 /* Main.storyboard in Resources */,
			);
			runOnlyForDeploymentPostprocessing = 0;
		};
		FED6FC5127B6E8930093A355 /* Resources */ = {
			isa = PBXResourcesBuildPhase;
			buildActionMask = 2147483647;
			files = (
			);
			runOnlyForDeploymentPostprocessing = 0;
		};
		FED6FC5C27B6E8940093A355 /* Resources */ = {
			isa = PBXResourcesBuildPhase;
			buildActionMask = 2147483647;
			files = (
			);
			runOnlyForDeploymentPostprocessing = 0;
		};
/* End PBXResourcesBuildPhase section */

/* Begin PBXSourcesBuildPhase section */
		FED6FC3627B6E8910093A355 /* Sources */ = {
			isa = PBXSourcesBuildPhase;
			buildActionMask = 2147483647;
			files = (
				FED6FC4227B6E8910093A355 /* ViewController.swift in Sources */,
				FED6FC3E27B6E8910093A355 /* AppDelegate.swift in Sources */,
				FED6FC4827B6E8910093A355 /* iosCalc.xcdatamodeld in Sources */,
				FED6FC4027B6E8910093A355 /* SceneDelegate.swift in Sources */,
			);
			runOnlyForDeploymentPostprocessing = 0;
		};
		FED6FC4F27B6E8930093A355 /* Sources */ = {
			isa = PBXSourcesBuildPhase;
			buildActionMask = 2147483647;
			files = (
				FED6FC5827B6E8940093A355 /* iosCalcTests.swift in Sources */,
			);
			runOnlyForDeploymentPostprocessing = 0;
		};
		FED6FC5A27B6E8940093A355 /* Sources */ = {
			isa = PBXSourcesBuildPhase;
			buildActionMask = 2147483647;
			files = (
				FED6FC6327B6E8940093A355 /* iosCalcUITests.swift in Sources */,
			);
			runOnlyForDeploymentPostprocessing = 0;
		};
/* End PBXSourcesBuildPhase section */

/* Begin PBXTargetDependency section */
		FED6FC5527B6E8940093A355 /* PBXTargetDependency */ = {
			isa = PBXTargetDependency;
			target = FED6FC3927B6E8910093A355 /* iosCalc */;
			targetProxy = FED6FC5427B6E8940093A355 /* PBXContainerItemProxy */;
		};
		FED6FC6027B6E8940093A355 /* PBXTargetDependency */ = {
			isa = PBXTargetDependency;
			target = FED6FC3927B6E8910093A355 /* iosCalc */;
			targetProxy = FED6FC5F27B6E8940093A355 /* PBXContainerItemProxy */;
		};
/* End PBXTargetDependency section */

/* Begin PBXVariantGroup section */
		FED6FC4327B6E8910093A355 /* Main.storyboard */ = {
			isa = PBXVariantGroup;
			children = (
				FED6FC4427B6E8910093A355 /* Base */,
			);
			name = Main.storyboard;
			sourceTree = "<group>";
		};
		FED6FC4B27B6E8930093A355 /* LaunchScreen.storyboard */ = {
			isa = PBXVariantGroup;
			children = (
				FED6FC4C27B6E8930093A355 /* Base */,
			);
			name = LaunchScreen.storyboard;
			sourceTree = "<group>";
		};
/* End PBXVariantGroup section */

/* Begin XCBuildConfiguration section */
		FED6FC6527B6E8940093A355 /* Debug */ = {
			isa = XCBuildConfiguration;
			buildSettings = {
				ALWAYS_SEARCH_USER_PATHS = NO;
				CLANG_ANALYZER_NONNULL = YES;
				CLANG_ANALYZER_NUMBER_OBJECT_CONVERSION = YES_AGGRESSIVE;
				CLANG_CXX_LANGUAGE_STANDARD = "gnu++14";
				CLANG_CXX_LIBRARY = "libc++";
				CLANG_ENABLE_MODULES = YES;
				CLANG_ENABLE_OBJC_ARC = YES;
				CLANG_ENABLE_OBJC_WEAK = YES;
				CLANG_WARN_BLOCK_CAPTURE_AUTORELEASING = YES;
				CLANG_WARN_BOOL_CONVERSION = YES;
				CLANG_WARN_COMMA = YES;
				CLANG_WARN_CONSTANT_CONVERSION = YES;
				CLANG_WARN_DEPRECATED_OBJC_IMPLEMENTATIONS = YES;
				CLANG_WARN_DIRECT_OBJC_ISA_USAGE = YES_ERROR;
				CLANG_WARN_DOCUMENTATION_COMMENTS = YES;
				CLANG_WARN_EMPTY_BODY = YES;
				CLANG_WARN_ENUM_CONVERSION = YES;
				CLANG_WARN_INFINITE_RECURSION = YES;
				CLANG_WARN_INT_CONVERSION = YES;
				CLANG_WARN_NON_LITERAL_NULL_CONVERSION = YES;
				CLANG_WARN_OBJC_IMPLICIT_RETAIN_SELF = YES;
				CLANG_WARN_OBJC_LITERAL_CONVERSION = YES;
				CLANG_WARN_OBJC_ROOT_CLASS = YES_ERROR;
				CLANG_WARN_QUOTED_INCLUDE_IN_FRAMEWORK_HEADER = YES;
				CLANG_WARN_RANGE_LOOP_ANALYSIS = YES;
				CLANG_WARN_STRICT_PROTOTYPES = YES;
				CLANG_WARN_SUSPICIOUS_MOVE = YES;
				CLANG_WARN_UNGUARDED_AVAILABILITY = YES_AGGRESSIVE;
				CLANG_WARN_UNREACHABLE_CODE = YES;
				CLANG_WARN__DUPLICATE_METHOD_MATCH = YES;
				COPY_PHASE_STRIP = NO;
				DEBUG_INFORMATION_FORMAT = dwarf;
				ENABLE_STRICT_OBJC_MSGSEND = YES;
				ENABLE_TESTABILITY = YES;
				GCC_C_LANGUAGE_STANDARD = gnu11;
				GCC_DYNAMIC_NO_PIC = NO;
				GCC_NO_COMMON_BLOCKS = YES;
				GCC_OPTIMIZATION_LEVEL = 0;
				GCC_PREPROCESSOR_DEFINITIONS = (
					"DEBUG=1",
					"$(inherited)",
				);
				GCC_WARN_64_TO_32_BIT_CONVERSION = YES;
				GCC_WARN_ABOUT_RETURN_TYPE = YES_ERROR;
				GCC_WARN_UNDECLARED_SELECTOR = YES;
				GCC_WARN_UNINITIALIZED_AUTOS = YES_AGGRESSIVE;
				GCC_WARN_UNUSED_FUNCTION = YES;
				GCC_WARN_UNUSED_VARIABLE = YES;
				IPHONEOS_DEPLOYMENT_TARGET = 14.4;
				MTL_ENABLE_DEBUG_INFO = INCLUDE_SOURCE;
				MTL_FAST_MATH = YES;
				ONLY_ACTIVE_ARCH = YES;
				SDKROOT = iphoneos;
				SWIFT_ACTIVE_COMPILATION_CONDITIONS = DEBUG;
				SWIFT_OPTIMIZATION_LEVEL = "-Onone";
			};
			name = Debug;
		};
		FED6FC6627B6E8940093A355 /* Release */ = {
			isa = XCBuildConfiguration;
			buildSettings = {
				ALWAYS_SEARCH_USER_PATHS = NO;
				CLANG_ANALYZER_NONNULL = YES;
				CLANG_ANALYZER_NUMBER_OBJECT_CONVERSION = YES_AGGRESSIVE;
				CLANG_CXX_LANGUAGE_STANDARD = "gnu++14";
				CLANG_CXX_LIBRARY = "libc++";
				CLANG_ENABLE_MODULES = YES;
				CLANG_ENABLE_OBJC_ARC = YES;
				CLANG_ENABLE_OBJC_WEAK = YES;
				CLANG_WARN_BLOCK_CAPTURE_AUTORELEASING = YES;
				CLANG_WARN_BOOL_CONVERSION = YES;
				CLANG_WARN_COMMA = YES;
				CLANG_WARN_CONSTANT_CONVERSION = YES;
				CLANG_WARN_DEPRECATED_OBJC_IMPLEMENTATIONS = YES;
				CLANG_WARN_DIRECT_OBJC_ISA_USAGE = YES_ERROR;
				CLANG_WARN_DOCUMENTATION_COMMENTS = YES;
				CLANG_WARN_EMPTY_BODY = YES;
				CLANG_WARN_ENUM_CONVERSION = YES;
				CLANG_WARN_INFINITE_RECURSION = YES;
				CLANG_WARN_INT_CONVERSION = YES;
				CLANG_WARN_NON_LITERAL_NULL_CONVERSION = YES;
				CLANG_WARN_OBJC_IMPLICIT_RETAIN_SELF = YES;
				CLANG_WARN_OBJC_LITERAL_CONVERSION = YES;
				CLANG_WARN_OBJC_ROOT_CLASS = YES_ERROR;
				CLANG_WARN_QUOTED_INCLUDE_IN_FRAMEWORK_HEADER = YES;
				CLANG_WARN_RANGE_LOOP_ANALYSIS = YES;
				CLANG_WARN_STRICT_PROTOTYPES = YES;
				CLANG_WARN_SUSPICIOUS_MOVE = YES;
				CLANG_WARN_UNGUARDED_AVAILABILITY = YES_AGGRESSIVE;
				CLANG_WARN_UNREACHABLE_CODE = YES;
				CLANG_WARN__DUPLICATE_METHOD_MATCH = YES;
				COPY_PHASE_STRIP = NO;
				DEBUG_INFORMATION_FORMAT = "dwarf-with-dsym";
				ENABLE_NS_ASSERTIONS = NO;
				ENABLE_STRICT_OBJC_MSGSEND = YES;
				GCC_C_LANGUAGE_STANDARD = gnu11;
				GCC_NO_COMMON_BLOCKS = YES;
				GCC_WARN_64_TO_32_BIT_CONVERSION = YES;
				GCC_WARN_ABOUT_RETURN_TYPE = YES_ERROR;
				GCC_WARN_UNDECLARED_SELECTOR = YES;
				GCC_WARN_UNINITIALIZED_AUTOS = YES_AGGRESSIVE;
				GCC_WARN_UNUSED_FUNCTION = YES;
				GCC_WARN_UNUSED_VARIABLE = YES;
				IPHONEOS_DEPLOYMENT_TARGET = 14.4;
				MTL_ENABLE_DEBUG_INFO = NO;
				MTL_FAST_MATH = YES;
				SDKROOT = iphoneos;
				SWIFT_COMPILATION_MODE = wholemodule;
				SWIFT_OPTIMIZATION_LEVEL = "-O";
				VALIDATE_PRODUCT = YES;
			};
			name = Release;
		};
		FED6FC6827B6E8940093A355 /* Debug */ = {
			isa = XCBuildConfiguration;
			buildSettings = {
				ASSETCATALOG_COMPILER_APPICON_NAME = AppIcon;
				ASSETCATALOG_COMPILER_GLOBAL_ACCENT_COLOR_NAME = AccentColor;
				CODE_SIGN_STYLE = Automatic;
				DEVELOPMENT_TEAM = 4SVD86W523;
				INFOPLIST_FILE = iosCalc/Info.plist;
				LD_RUNPATH_SEARCH_PATHS = (
					"$(inherited)",
					"@executable_path/Frameworks",
				);
				PRODUCT_BUNDLE_IDENTIFIER = com.rgiusti.iosCalc;
				PRODUCT_NAME = "$(TARGET_NAME)";
				SWIFT_VERSION = 5.0;
				TARGETED_DEVICE_FAMILY = "1,2";
			};
			name = Debug;
		};
		FED6FC6927B6E8940093A355 /* Release */ = {
			isa = XCBuildConfiguration;
			buildSettings = {
				ASSETCATALOG_COMPILER_APPICON_NAME = AppIcon;
				ASSETCATALOG_COMPILER_GLOBAL_ACCENT_COLOR_NAME = AccentColor;
				CODE_SIGN_STYLE = Automatic;
				DEVELOPMENT_TEAM = 4SVD86W523;
				INFOPLIST_FILE = iosCalc/Info.plist;
				LD_RUNPATH_SEARCH_PATHS = (
					"$(inherited)",
					"@executable_path/Frameworks",
				);
				PRODUCT_BUNDLE_IDENTIFIER = com.rgiusti.iosCalc;
				PRODUCT_NAME = "$(TARGET_NAME)";
				SWIFT_VERSION = 5.0;
				TARGETED_DEVICE_FAMILY = "1,2";
			};
			name = Release;
		};
		FED6FC6B27B6E8940093A355 /* Debug */ = {
			isa = XCBuildConfiguration;
			buildSettings = {
				ALWAYS_EMBED_SWIFT_STANDARD_LIBRARIES = YES;
				BUNDLE_LOADER = "$(TEST_HOST)";
				CODE_SIGN_STYLE = Automatic;
				DEVELOPMENT_TEAM = 4SVD86W523;
				INFOPLIST_FILE = iosCalcTests/Info.plist;
				IPHONEOS_DEPLOYMENT_TARGET = 14.4;
				LD_RUNPATH_SEARCH_PATHS = (
					"$(inherited)",
					"@executable_path/Frameworks",
					"@loader_path/Frameworks",
				);
				PRODUCT_BUNDLE_IDENTIFIER = com.rgiusti.iosCalcTests;
				PRODUCT_NAME = "$(TARGET_NAME)";
				SWIFT_VERSION = 5.0;
				TARGETED_DEVICE_FAMILY = "1,2";
				TEST_HOST = "$(BUILT_PRODUCTS_DIR)/iosCalc.app/iosCalc";
			};
			name = Debug;
		};
		FED6FC6C27B6E8940093A355 /* Release */ = {
			isa = XCBuildConfiguration;
			buildSettings = {
				ALWAYS_EMBED_SWIFT_STANDARD_LIBRARIES = YES;
				BUNDLE_LOADER = "$(TEST_HOST)";
				CODE_SIGN_STYLE = Automatic;
				DEVELOPMENT_TEAM = 4SVD86W523;
				INFOPLIST_FILE = iosCalcTests/Info.plist;
				IPHONEOS_DEPLOYMENT_TARGET = 14.4;
				LD_RUNPATH_SEARCH_PATHS = (
					"$(inherited)",
					"@executable_path/Frameworks",
					"@loader_path/Frameworks",
				);
				PRODUCT_BUNDLE_IDENTIFIER = com.rgiusti.iosCalcTests;
				PRODUCT_NAME = "$(TARGET_NAME)";
				SWIFT_VERSION = 5.0;
				TARGETED_DEVICE_FAMILY = "1,2";
				TEST_HOST = "$(BUILT_PRODUCTS_DIR)/iosCalc.app/iosCalc";
			};
			name = Release;
		};
		FED6FC6E27B6E8940093A355 /* Debug */ = {
			isa = XCBuildConfiguration;
			buildSettings = {
				ALWAYS_EMBED_SWIFT_STANDARD_LIBRARIES = YES;
				CODE_SIGN_STYLE = Automatic;
				DEVELOPMENT_TEAM = 4SVD86W523;
				INFOPLIST_FILE = iosCalcUITests/Info.plist;
				LD_RUNPATH_SEARCH_PATHS = (
					"$(inherited)",
					"@executable_path/Frameworks",
					"@loader_path/Frameworks",
				);
				PRODUCT_BUNDLE_IDENTIFIER = com.rgiusti.iosCalcUITests;
				PRODUCT_NAME = "$(TARGET_NAME)";
				SWIFT_VERSION = 5.0;
				TARGETED_DEVICE_FAMILY = "1,2";
				TEST_TARGET_NAME = iosCalc;
			};
			name = Debug;
		};
		FED6FC6F27B6E8940093A355 /* Release */ = {
			isa = XCBuildConfiguration;
			buildSettings = {
				ALWAYS_EMBED_SWIFT_STANDARD_LIBRARIES = YES;
				CODE_SIGN_STYLE = Automatic;
				DEVELOPMENT_TEAM = 4SVD86W523;
				INFOPLIST_FILE = iosCalcUITests/Info.plist;
				LD_RUNPATH_SEARCH_PATHS = (
					"$(inherited)",
					"@executable_path/Frameworks",
					"@loader_path/Frameworks",
				);
				PRODUCT_BUNDLE_IDENTIFIER = com.rgiusti.iosCalcUITests;
				PRODUCT_NAME = "$(TARGET_NAME)";
				SWIFT_VERSION = 5.0;
				TARGETED_DEVICE_FAMILY = "1,2";
				TEST_TARGET_NAME = iosCalc;
			};
			name = Release;
		};
/* End XCBuildConfiguration section */

/* Begin XCConfigurationList section */
		FED6FC3527B6E8910093A355 /* Build configuration list for PBXProject "iosCalc" */ = {
			isa = XCConfigurationList;
			buildConfigurations = (
				FED6FC6527B6E8940093A355 /* Debug */,
				FED6FC6627B6E8940093A355 /* Release */,
			);
			defaultConfigurationIsVisible = 0;
			defaultConfigurationName = Release;
		};
		FED6FC6727B6E8940093A355 /* Build configuration list for PBXNativeTarget "iosCalc" */ = {
			isa = XCConfigurationList;
			buildConfigurations = (
				FED6FC6827B6E8940093A355 /* Debug */,
				FED6FC6927B6E8940093A355 /* Release */,
			);
			defaultConfigurationIsVisible = 0;
			defaultConfigurationName = Release;
		};
		FED6FC6A27B6E8940093A355 /* Build configuration list for PBXNativeTarget "iosCalcTests" */ = {
			isa = XCConfigurationList;
			buildConfigurations = (
				FED6FC6B27B6E8940093A355 /* Debug */,
				FED6FC6C27B6E8940093A355 /* Release */,
			);
			defaultConfigurationIsVisible = 0;
			defaultConfigurationName = Release;
		};
		FED6FC6D27B6E8940093A355 /* Build configuration list for PBXNativeTarget "iosCalcUITests" */ = {
			isa = XCConfigurationList;
			buildConfigurations = (
				FED6FC6E27B6E8940093A355 /* Debug */,
				FED6FC6F27B6E8940093A355 /* Release */,
			);
			defaultConfigurationIsVisible = 0;
			defaultConfigurationName = Release;
		};
/* End XCConfigurationList section */

/* Begin XCVersionGroup section */
		FED6FC4627B6E8910093A355 /* iosCalc.xcdatamodeld */ = {
			isa = XCVersionGroup;
			children = (
				FED6FC4727B6E8910093A355 /* iosCalc.xcdatamodel */,
			);
			currentVersion = FED6FC4727B6E8910093A355 /* iosCalc.xcdatamodel */;
			path = iosCalc.xcdatamodeld;
			sourceTree = "<group>";
			versionGroupType = wrapper.xcdatamodel;
		};
/* End XCVersionGroup section */
	};
	rootObject = FED6FC3227B6E8910093A355 /* Project object */;
}
